
Microsoft Visual Studio Solution File, Format Version 12.00
# Visual Studio 15
Project("{FAE04EC0-301F-11D3-BF4B-00C04F79EFBC}") = "AjaxWaitTest", "AjaxWaitTest\AjaxWaitTest.csproj", "{FD7E5D45-05B9-48D5-8AB9-CAAF4781D864}"
EndProject
Global
	GlobalSection(SolutionConfigurationPlatforms) = preSolution
		Debug|Any CPU = Debug|Any CPU
		Release|Any CPU = Release|Any CPU
	EndGlobalSection
	GlobalSection(ProjectConfigurationPlatforms) = postSolution
		{FD7E5D45-05B9-48D5-8AB9-CAAF4781D864}.Debug|Any CPU.ActiveCfg = Debug|Any CPU
		{FD7E5D45-05B9-48D5-8AB9-CAAF4781D864}.Debug|Any CPU.Build.0 = Debug|Any CPU
		{FD7E5D45-05B9-48D5-8AB9-CAAF4781D864}.Release|Any CPU.ActiveCfg = Release|Any CPU
		{FD7E5D45-05B9-48D5-8AB9-CAAF4781D864}.Release|Any CPU.Build.0 = Release|Any CPU
	EndGlobalSection
EndGlobal
